
Microsoft Visual Studio Solution File, Format Version 12.00
# Visual Studio Version 16
VisualStudioVersion = 16.0.29209.152
MinimumVisualStudioVersion = 10.0.40219.1
Project("{FAE04EC0-301F-11D3-BF4B-00C04F79EFBC}") = "XamClassApp.Android", "XamClassApp\XamClassApp.Android\XamClassApp.Android.csproj", "{91C2D496-156C-452F-B649-D68CE7A0DFF2}"
EndProject
Project("{FAE04EC0-301F-11D3-BF4B-00C04F79EFBC}") = "XamClassApp.iOS", "XamClassApp\XamClassApp.iOS\XamClassApp.iOS.csproj", "{FCDBCA52-6B99-47AE-B3DC-7D67C063DBBC}"
EndProject
Project("{FAE04EC0-301F-11D3-BF4B-00C04F79EFBC}") = "XamClassApp", "XamClassApp\XamClassApp\XamClassApp.csproj", "{B439559F-CFE5-444D-A42E-467C1F8FA004}"
EndProject
Global
	GlobalSection(SolutionConfigurationPlatforms) = preSolution
		Debug|Any CPU = Debug|Any CPU
		Debug|iPhone = Debug|iPhone
		Debug|iPhoneSimulator = Debug|iPhoneSimulator
		Release|Any CPU = Release|Any CPU
		Release|iPhone = Release|iPhone
		Release|iPhoneSimulator = Release|iPhoneSimulator
	EndGlobalSection
	GlobalSection(ProjectConfigurationPlatforms) = postSolution
		{91C2D496-156C-452F-B649-D68CE7A0DFF2}.Debug|Any CPU.ActiveCfg = Debug|Any CPU
		{91C2D496-156C-452F-B649-D68CE7A0DFF2}.Debug|Any CPU.Build.0 = Debug|Any CPU
		{91C2D496-156C-452F-B649-D68CE7A0DFF2}.Debug|Any CPU.Deploy.0 = Debug|Any CPU
		{91C2D496-156C-452F-B649-D68CE7A0DFF2}.Debug|iPhone.ActiveCfg = Debug|Any CPU
		{91C2D496-156C-452F-B649-D68CE7A0DFF2}.Debug|iPhone.Build.0 = Debug|Any CPU
		{91C2D496-156C-452F-B649-D68CE7A0DFF2}.Debug|iPhone.Deploy.0 = Debug|Any CPU
		{91C2D496-156C-452F-B649-D68CE7A0DFF2}.Debug|iPhoneSimulator.ActiveCfg = Debug|Any CPU
		{91C2D496-156C-452F-B649-D68CE7A0DFF2}.Debug|iPhoneSimulator.Build.0 = Debug|Any CPU
		{91C2D496-156C-452F-B649-D68CE7A0DFF2}.Debug|iPhoneSimulator.Deploy.0 = Debug|Any CPU
		{91C2D496-156C-452F-B649-D68CE7A0DFF2}.Release|Any CPU.ActiveCfg = Release|Any CPU
		{91C2D496-156C-452F-B649-D68CE7A0DFF2}.Release|Any CPU.Build.0 = Release|Any CPU
		{91C2D496-156C-452F-B649-D68CE7A0DFF2}.Release|Any CPU.Deploy.0 = Release|Any CPU
		{91C2D496-156C-452F-B649-D68CE7A0DFF2}.Release|iPhone.ActiveCfg = Release|Any CPU
		{91C2D496-156C-452F-B649-D68CE7A0DFF2}.Release|iPhone.Build.0 = Release|Any CPU
		{91C2D496-156C-452F-B649-D68CE7A0DFF2}.Release|iPhone.Deploy.0 = Release|Any CPU
		{91C2D496-156C-452F-B649-D68CE7A0DFF2}.Release|iPhoneSimulator.ActiveCfg = Release|Any CPU
		{91C2D496-156C-452F-B649-D68CE7A0DFF2}.Release|iPhoneSimulator.Build.0 = Release|Any CPU
		{91C2D496-156C-452F-B649-D68CE7A0DFF2}.Release|iPhoneSimulator.Deploy.0 = Release|Any CPU
		{FCDBCA52-6B99-47AE-B3DC-7D67C063DBBC}.Debug|Any CPU.ActiveCfg = Debug|iPhoneSimulator
		{FCDBCA52-6B99-47AE-B3DC-7D67C063DBBC}.Debug|Any CPU.Build.0 = Debug|iPhoneSimulator
		{FCDBCA52-6B99-47AE-B3DC-7D67C063DBBC}.Debug|Any CPU.Deploy.0 = Debug|iPhoneSimulator
		{FCDBCA52-6B99-47AE-B3DC-7D67C063DBBC}.Debug|iPhone.ActiveCfg = Debug|iPhone
		{FCDBCA52-6B99-47AE-B3DC-7D67C063DBBC}.Debug|iPhone.Build.0 = Debug|iPhone
		{FCDBCA52-6B99-47AE-B3DC-7D67C063DBBC}.Debug|iPhone.Deploy.0 = Debug|iPhone
		{FCDBCA52-6B99-47AE-B3DC-7D67C063DBBC}.Debug|iPhoneSimulator.ActiveCfg = Debug|iPhoneSimulator
		{FCDBCA52-6B99-47AE-B3DC-7D67C063DBBC}.Debug|iPhoneSimulator.Build.0 = Debug|iPhoneSimulator
		{FCDBCA52-6B99-47AE-B3DC-7D67C063DBBC}.Debug|iPhoneSimulator.Deploy.0 = Debug|iPhoneSimulator
		{FCDBCA52-6B99-47AE-B3DC-7D67C063DBBC}.Release|Any CPU.ActiveCfg = Release|iPhone
		{FCDBCA52-6B99-47AE-B3DC-7D67C063DBBC}.Release|Any CPU.Build.0 = Release|iPhone
		{FCDBCA52-6B99-47AE-B3DC-7D67C063DBBC}.Release|Any CPU.Deploy.0 = Release|iPhone
		{FCDBCA52-6B99-47AE-B3DC-7D67C063DBBC}.Release|iPhone.ActiveCfg = Release|iPhone
		{FCDBCA52-6B99-47AE-B3DC-7D67C063DBBC}.Release|iPhone.Build.0 = Release|iPhone
		{FCDBCA52-6B99-47AE-B3DC-7D67C063DBBC}.Release|iPhone.Deploy.0 = Release|iPhone
		{FCDBCA52-6B99-47AE-B3DC-7D67C063DBBC}.Release|iPhoneSimulator.ActiveCfg = Release|iPhoneSimulator
		{FCDBCA52-6B99-47AE-B3DC-7D67C063DBBC}.Release|iPhoneSimulator.Build.0 = Release|iPhoneSimulator
		{FCDBCA52-6B99-47AE-B3DC-7D67C063DBBC}.Release|iPhoneSimulator.Deploy.0 = Release|iPhoneSimulator
		{B439559F-CFE5-444D-A42E-467C1F8FA004}.Debug|Any CPU.ActiveCfg = Debug|Any CPU
		{B439559F-CFE5-444D-A42E-467C1F8FA004}.Debug|Any CPU.Build.0 = Debug|Any CPU
		{B439559F-CFE5-444D-A42E-467C1F8FA004}.Debug|Any CPU.Deploy.0 = Debug|Any CPU
		{B439559F-CFE5-444D-A42E-467C1F8FA004}.Debug|iPhone.ActiveCfg = Debug|Any CPU
		{B439559F-CFE5-444D-A42E-467C1F8FA004}.Debug|iPhone.Build.0 = Debug|Any CPU
		{B439559F-CFE5-444D-A42E-467C1F8FA004}.Debug|iPhone.Deploy.0 = Debug|Any CPU
		{B439559F-CFE5-444D-A42E-467C1F8FA004}.Debug|iPhoneSimulator.ActiveCfg = Debug|Any CPU
		{B439559F-CFE5-444D-A42E-467C1F8FA004}.Debug|iPhoneSimulator.Build.0 = Debug|Any CPU
		{B439559F-CFE5-444D-A42E-467C1F8FA004}.Debug|iPhoneSimulator.Deploy.0 = Debug|Any CPU
		{B439559F-CFE5-444D-A42E-467C1F8FA004}.Release|Any CPU.ActiveCfg = Release|Any CPU
		{B439559F-CFE5-444D-A42E-467C1F8FA004}.Release|Any CPU.Build.0 = Release|Any CPU
		{B439559F-CFE5-444D-A42E-467C1F8FA004}.Release|Any CPU.Deploy.0 = Release|Any CPU
		{B439559F-CFE5-444D-A42E-467C1F8FA004}.Release|iPhone.ActiveCfg = Release|Any CPU
		{B439559F-CFE5-444D-A42E-467C1F8FA004}.Release|iPhone.Build.0 = Release|Any CPU
		{B439559F-CFE5-444D-A42E-467C1F8FA004}.Release|iPhone.Deploy.0 = Release|Any CPU
		{B439559F-CFE5-444D-A42E-467C1F8FA004}.Release|iPhoneSimulator.ActiveCfg = Release|Any CPU
		{B439559F-CFE5-444D-A42E-467C1F8FA004}.Release|iPhoneSimulator.Build.0 = Release|Any CPU
		{B439559F-CFE5-444D-A42E-467C1F8FA004}.Release|iPhoneSimulator.Deploy.0 = Release|Any CPU
	EndGlobalSection
	GlobalSection(SolutionProperties) = preSolution
		HideSolutionNode = FALSE
	EndGlobalSection
	GlobalSection(ExtensibilityGlobals) = postSolution
		SolutionGuid = {1C2A6A46-1DA0-437F-AC68-60D604FDAF04}
	EndGlobalSection
EndGlobal
