
Microsoft Visual Studio Solution File, Format Version 12.00
# Visual Studio Version 16
VisualStudioVersion = 16.0.29230.61
MinimumVisualStudioVersion = 10.0.40219.1
Project("{FAE04EC0-301F-11D3-BF4B-00C04F79EFBC}") = "Week7Practice.Android", "Week7Practice\Week7Practice.Android\Week7Practice.Android.csproj", "{0A168AB7-15FA-4A1D-9B13-5D73C4537D92}"
EndProject
Project("{FAE04EC0-301F-11D3-BF4B-00C04F79EFBC}") = "Week7Practice.iOS", "Week7Practice\Week7Practice.iOS\Week7Practice.iOS.csproj", "{3A53B3F2-0DEE-47E9-9AF3-F4EDCEE8B85F}"
EndProject
Project("{FAE04EC0-301F-11D3-BF4B-00C04F79EFBC}") = "Week7Practice", "Week7Practice\Week7Practice\Week7Practice.csproj", "{2DFAF7EA-985A-4CEF-8997-6227231A2BFD}"
EndProject
Global
	GlobalSection(SolutionConfigurationPlatforms) = preSolution
		Debug|Any CPU = Debug|Any CPU
		Debug|iPhone = Debug|iPhone
		Debug|iPhoneSimulator = Debug|iPhoneSimulator
		Release|Any CPU = Release|Any CPU
		Release|iPhone = Release|iPhone
		Release|iPhoneSimulator = Release|iPhoneSimulator
	EndGlobalSection
	GlobalSection(ProjectConfigurationPlatforms) = postSolution
		{0A168AB7-15FA-4A1D-9B13-5D73C4537D92}.Debug|Any CPU.ActiveCfg = Debug|Any CPU
		{0A168AB7-15FA-4A1D-9B13-5D73C4537D92}.Debug|Any CPU.Build.0 = Debug|Any CPU
		{0A168AB7-15FA-4A1D-9B13-5D73C4537D92}.Debug|Any CPU.Deploy.0 = Debug|Any CPU
		{0A168AB7-15FA-4A1D-9B13-5D73C4537D92}.Debug|iPhone.ActiveCfg = Debug|Any CPU
		{0A168AB7-15FA-4A1D-9B13-5D73C4537D92}.Debug|iPhone.Build.0 = Debug|Any CPU
		{0A168AB7-15FA-4A1D-9B13-5D73C4537D92}.Debug|iPhone.Deploy.0 = Debug|Any CPU
		{0A168AB7-15FA-4A1D-9B13-5D73C4537D92}.Debug|iPhoneSimulator.ActiveCfg = Debug|Any CPU
		{0A168AB7-15FA-4A1D-9B13-5D73C4537D92}.Debug|iPhoneSimulator.Build.0 = Debug|Any CPU
		{0A168AB7-15FA-4A1D-9B13-5D73C4537D92}.Debug|iPhoneSimulator.Deploy.0 = Debug|Any CPU
		{0A168AB7-15FA-4A1D-9B13-5D73C4537D92}.Release|Any CPU.ActiveCfg = Release|Any CPU
		{0A168AB7-15FA-4A1D-9B13-5D73C4537D92}.Release|Any CPU.Build.0 = Release|Any CPU
		{0A168AB7-15FA-4A1D-9B13-5D73C4537D92}.Release|Any CPU.Deploy.0 = Release|Any CPU
		{0A168AB7-15FA-4A1D-9B13-5D73C4537D92}.Release|iPhone.ActiveCfg = Release|Any CPU
		{0A168AB7-15FA-4A1D-9B13-5D73C4537D92}.Release|iPhone.Build.0 = Release|Any CPU
		{0A168AB7-15FA-4A1D-9B13-5D73C4537D92}.Release|iPhone.Deploy.0 = Release|Any CPU
		{0A168AB7-15FA-4A1D-9B13-5D73C4537D92}.Release|iPhoneSimulator.ActiveCfg = Release|Any CPU
		{0A168AB7-15FA-4A1D-9B13-5D73C4537D92}.Release|iPhoneSimulator.Build.0 = Release|Any CPU
		{0A168AB7-15FA-4A1D-9B13-5D73C4537D92}.Release|iPhoneSimulator.Deploy.0 = Release|Any CPU
		{3A53B3F2-0DEE-47E9-9AF3-F4EDCEE8B85F}.Debug|Any CPU.ActiveCfg = Debug|iPhoneSimulator
		{3A53B3F2-0DEE-47E9-9AF3-F4EDCEE8B85F}.Debug|Any CPU.Build.0 = Debug|iPhoneSimulator
		{3A53B3F2-0DEE-47E9-9AF3-F4EDCEE8B85F}.Debug|Any CPU.Deploy.0 = Debug|iPhoneSimulator
		{3A53B3F2-0DEE-47E9-9AF3-F4EDCEE8B85F}.Debug|iPhone.ActiveCfg = Debug|iPhone
		{3A53B3F2-0DEE-47E9-9AF3-F4EDCEE8B85F}.Debug|iPhone.Build.0 = Debug|iPhone
		{3A53B3F2-0DEE-47E9-9AF3-F4EDCEE8B85F}.Debug|iPhone.Deploy.0 = Debug|iPhone
		{3A53B3F2-0DEE-47E9-9AF3-F4EDCEE8B85F}.Debug|iPhoneSimulator.ActiveCfg = Debug|iPhoneSimulator
		{3A53B3F2-0DEE-47E9-9AF3-F4EDCEE8B85F}.Debug|iPhoneSimulator.Build.0 = Debug|iPhoneSimulator
		{3A53B3F2-0DEE-47E9-9AF3-F4EDCEE8B85F}.Debug|iPhoneSimulator.Deploy.0 = Debug|iPhoneSimulator
		{3A53B3F2-0DEE-47E9-9AF3-F4EDCEE8B85F}.Release|Any CPU.ActiveCfg = Release|iPhone
		{3A53B3F2-0DEE-47E9-9AF3-F4EDCEE8B85F}.Release|Any CPU.Build.0 = Release|iPhone
		{3A53B3F2-0DEE-47E9-9AF3-F4EDCEE8B85F}.Release|Any CPU.Deploy.0 = Release|iPhone
		{3A53B3F2-0DEE-47E9-9AF3-F4EDCEE8B85F}.Release|iPhone.ActiveCfg = Release|iPhone
		{3A53B3F2-0DEE-47E9-9AF3-F4EDCEE8B85F}.Release|iPhone.Build.0 = Release|iPhone
		{3A53B3F2-0DEE-47E9-9AF3-F4EDCEE8B85F}.Release|iPhone.Deploy.0 = Release|iPhone
		{3A53B3F2-0DEE-47E9-9AF3-F4EDCEE8B85F}.Release|iPhoneSimulator.ActiveCfg = Release|iPhoneSimulator
		{3A53B3F2-0DEE-47E9-9AF3-F4EDCEE8B85F}.Release|iPhoneSimulator.Build.0 = Release|iPhoneSimulator
		{3A53B3F2-0DEE-47E9-9AF3-F4EDCEE8B85F}.Release|iPhoneSimulator.Deploy.0 = Release|iPhoneSimulator
		{2DFAF7EA-985A-4CEF-8997-6227231A2BFD}.Debug|Any CPU.ActiveCfg = Debug|Any CPU
		{2DFAF7EA-985A-4CEF-8997-6227231A2BFD}.Debug|Any CPU.Build.0 = Debug|Any CPU
		{2DFAF7EA-985A-4CEF-8997-6227231A2BFD}.Debug|Any CPU.Deploy.0 = Debug|Any CPU
		{2DFAF7EA-985A-4CEF-8997-6227231A2BFD}.Debug|iPhone.ActiveCfg = Debug|Any CPU
		{2DFAF7EA-985A-4CEF-8997-6227231A2BFD}.Debug|iPhone.Build.0 = Debug|Any CPU
		{2DFAF7EA-985A-4CEF-8997-6227231A2BFD}.Debug|iPhone.Deploy.0 = Debug|Any CPU
		{2DFAF7EA-985A-4CEF-8997-6227231A2BFD}.Debug|iPhoneSimulator.ActiveCfg = Debug|Any CPU
		{2DFAF7EA-985A-4CEF-8997-6227231A2BFD}.Debug|iPhoneSimulator.Build.0 = Debug|Any CPU
		{2DFAF7EA-985A-4CEF-8997-6227231A2BFD}.Debug|iPhoneSimulator.Deploy.0 = Debug|Any CPU
		{2DFAF7EA-985A-4CEF-8997-6227231A2BFD}.Release|Any CPU.ActiveCfg = Release|Any CPU
		{2DFAF7EA-985A-4CEF-8997-6227231A2BFD}.Release|Any CPU.Build.0 = Release|Any CPU
		{2DFAF7EA-985A-4CEF-8997-6227231A2BFD}.Release|Any CPU.Deploy.0 = Release|Any CPU
		{2DFAF7EA-985A-4CEF-8997-6227231A2BFD}.Release|iPhone.ActiveCfg = Release|Any CPU
		{2DFAF7EA-985A-4CEF-8997-6227231A2BFD}.Release|iPhone.Build.0 = Release|Any CPU
		{2DFAF7EA-985A-4CEF-8997-6227231A2BFD}.Release|iPhone.Deploy.0 = Release|Any CPU
		{2DFAF7EA-985A-4CEF-8997-6227231A2BFD}.Release|iPhoneSimulator.ActiveCfg = Release|Any CPU
		{2DFAF7EA-985A-4CEF-8997-6227231A2BFD}.Release|iPhoneSimulator.Build.0 = Release|Any CPU
		{2DFAF7EA-985A-4CEF-8997-6227231A2BFD}.Release|iPhoneSimulator.Deploy.0 = Release|Any CPU
	EndGlobalSection
	GlobalSection(SolutionProperties) = preSolution
		HideSolutionNode = FALSE
	EndGlobalSection
	GlobalSection(ExtensibilityGlobals) = postSolution
		SolutionGuid = {3BB18989-1571-4A02-A138-98096DC12AAD}
	EndGlobalSection
EndGlobal
